
Microsoft Visual Studio Solution File, Format Version 12.00
# Visual Studio Version 17
VisualStudioVersion = 17.13.35828.75
MinimumVisualStudioVersion = 10.0.40219.1
Project("{FAE04EC0-301F-11D3-BF4B-00C04F79EFBC}") = "Devella", "Devella\Devella.csproj", "{AE2D4578-341A-4786-87C1-DC0179FFFE21}"
EndProject
Project("{FAE04EC0-301F-11D3-BF4B-00C04F79EFBC}") = "Devella.API", "Devella.API\Devella.API.csproj", "{B0AA22C8-0A95-45B4-A585-6A1097C3D48D}"
EndProject
Project("{FAE04EC0-301F-11D3-BF4B-00C04F79EFBC}") = "Devella.DataAccessLayer", "Devella.DataAccessLayer\Devella.DataAccessLayer.csproj", "{C4791610-A29F-4ADC-97C6-8F4C740D6A68}"
EndProject
Project("{FAE04EC0-301F-11D3-BF4B-00C04F79EFBC}") = "DevellaLib", "DevellaLib\DevellaLib.csproj", "{490CCF48-0BCD-4F3A-924D-7592C7C44A8C}"
EndProject
Global
	GlobalSection(SolutionConfigurationPlatforms) = preSolution
		Debug|Any CPU = Debug|Any CPU
		Release|Any CPU = Release|Any CPU
	EndGlobalSection
	GlobalSection(ProjectConfigurationPlatforms) = postSolution
		{AE2D4578-341A-4786-87C1-DC0179FFFE21}.Debug|Any CPU.ActiveCfg = Debug|Any CPU
		{AE2D4578-341A-4786-87C1-DC0179FFFE21}.Debug|Any CPU.Build.0 = Debug|Any CPU
		{AE2D4578-341A-4786-87C1-DC0179FFFE21}.Release|Any CPU.ActiveCfg = Release|Any CPU
		{AE2D4578-341A-4786-87C1-DC0179FFFE21}.Release|Any CPU.Build.0 = Release|Any CPU
		{B0AA22C8-0A95-45B4-A585-6A1097C3D48D}.Debug|Any CPU.ActiveCfg = Debug|Any CPU
		{B0AA22C8-0A95-45B4-A585-6A1097C3D48D}.Debug|Any CPU.Build.0 = Debug|Any CPU
		{B0AA22C8-0A95-45B4-A585-6A1097C3D48D}.Release|Any CPU.ActiveCfg = Release|Any CPU
		{B0AA22C8-0A95-45B4-A585-6A1097C3D48D}.Release|Any CPU.Build.0 = Release|Any CPU
		{C4791610-A29F-4ADC-97C6-8F4C740D6A68}.Debug|Any CPU.ActiveCfg = Debug|Any CPU
		{C4791610-A29F-4ADC-97C6-8F4C740D6A68}.Debug|Any CPU.Build.0 = Debug|Any CPU
		{C4791610-A29F-4ADC-97C6-8F4C740D6A68}.Release|Any CPU.ActiveCfg = Release|Any CPU
		{C4791610-A29F-4ADC-97C6-8F4C740D6A68}.Release|Any CPU.Build.0 = Release|Any CPU
		{490CCF48-0BCD-4F3A-924D-7592C7C44A8C}.Debug|Any CPU.ActiveCfg = Debug|Any CPU
		{490CCF48-0BCD-4F3A-924D-7592C7C44A8C}.Debug|Any CPU.Build.0 = Debug|Any CPU
		{490CCF48-0BCD-4F3A-924D-7592C7C44A8C}.Release|Any CPU.ActiveCfg = Release|Any CPU
		{490CCF48-0BCD-4F3A-924D-7592C7C44A8C}.Release|Any CPU.Build.0 = Release|Any CPU
	EndGlobalSection
	GlobalSection(SolutionProperties) = preSolution
		HideSolutionNode = FALSE
	EndGlobalSection
	GlobalSection(ExtensibilityGlobals) = postSolution
		SolutionGuid = {E5190D12-B305-4290-B6A8-EB3740D8A521}
	EndGlobalSection
EndGlobal
